
Microsoft Visual Studio Solution File, Format Version 12.00
# Visual Studio Version 17
VisualStudioVersion = 17.8.34316.72
MinimumVisualStudioVersion = 10.0.40219.1
Project("{9A19103F-16F7-4668-BE54-9A1E7A4F7556}") = "DataTools", "DataTools.csproj", "{26D611CF-968F-4853-B240-82BD773EF6F6}"
EndProject
Project("{9A19103F-16F7-4668-BE54-9A1E7A4F7556}") = "datatools.datamaker", "..\datatools.datamaker\datatools.datamaker.csproj", "{5656D897-8188-4A9B-8C06-3896A1278D84}"
EndProject
Project("{9A19103F-16F7-4668-BE54-9A1E7A4F7556}") = "datatools.datamaker.tests", "..\datatools.datamaker.tests\datatools.datamaker.tests.csproj", "{3B52D692-E719-4B52-B4E2-F360BB73BEE4}"
EndProject
Project("{FAE04EC0-301F-11D3-BF4B-00C04F79EFBC}") = "datatools.datamaker.providers", "..\datatools.datamaker.providers\datatools.datamaker.providers.csproj", "{EF42D8D8-F68E-4D39-BDD1-4900C43E7C1A}"
EndProject
Global
	GlobalSection(SolutionConfigurationPlatforms) = preSolution
		Debug|Any CPU = Debug|Any CPU
		Release|Any CPU = Release|Any CPU
	EndGlobalSection
	GlobalSection(ProjectConfigurationPlatforms) = postSolution
		{26D611CF-968F-4853-B240-82BD773EF6F6}.Debug|Any CPU.ActiveCfg = Debug|Any CPU
		{26D611CF-968F-4853-B240-82BD773EF6F6}.Debug|Any CPU.Build.0 = Debug|Any CPU
		{26D611CF-968F-4853-B240-82BD773EF6F6}.Release|Any CPU.ActiveCfg = Release|Any CPU
		{26D611CF-968F-4853-B240-82BD773EF6F6}.Release|Any CPU.Build.0 = Release|Any CPU
		{5656D897-8188-4A9B-8C06-3896A1278D84}.Debug|Any CPU.ActiveCfg = Debug|Any CPU
		{5656D897-8188-4A9B-8C06-3896A1278D84}.Debug|Any CPU.Build.0 = Debug|Any CPU
		{5656D897-8188-4A9B-8C06-3896A1278D84}.Release|Any CPU.ActiveCfg = Release|Any CPU
		{5656D897-8188-4A9B-8C06-3896A1278D84}.Release|Any CPU.Build.0 = Release|Any CPU
		{3B52D692-E719-4B52-B4E2-F360BB73BEE4}.Debug|Any CPU.ActiveCfg = Debug|Any CPU
		{3B52D692-E719-4B52-B4E2-F360BB73BEE4}.Debug|Any CPU.Build.0 = Debug|Any CPU
		{3B52D692-E719-4B52-B4E2-F360BB73BEE4}.Release|Any CPU.ActiveCfg = Release|Any CPU
		{3B52D692-E719-4B52-B4E2-F360BB73BEE4}.Release|Any CPU.Build.0 = Release|Any CPU
		{EF42D8D8-F68E-4D39-BDD1-4900C43E7C1A}.Debug|Any CPU.ActiveCfg = Debug|Any CPU
		{EF42D8D8-F68E-4D39-BDD1-4900C43E7C1A}.Debug|Any CPU.Build.0 = Debug|Any CPU
		{EF42D8D8-F68E-4D39-BDD1-4900C43E7C1A}.Release|Any CPU.ActiveCfg = Release|Any CPU
		{EF42D8D8-F68E-4D39-BDD1-4900C43E7C1A}.Release|Any CPU.Build.0 = Release|Any CPU
	EndGlobalSection
	GlobalSection(SolutionProperties) = preSolution
		HideSolutionNode = FALSE
	EndGlobalSection
	GlobalSection(ExtensibilityGlobals) = postSolution
		SolutionGuid = {04C95C3E-D7DA-4700-B63A-961185AE9143}
	EndGlobalSection
EndGlobal
